// !$*UTF8*$!
{
	archiveVersion = 1;
	classes = {
	};
	objectVersion = 56;
	objects = {

/* Begin PBXBuildFile section */
		3827389C2AE224AA003470B4 /* BarcodeScannerApp.swift in Sources */ = {isa = PBXBuildFile; fileRef = 3827389B2AE224AA003470B4 /* BarcodeScannerApp.swift */; };
		3827389E2AE224AA003470B4 /* BarcodeScannerView.swift in Sources */ = {isa = PBXBuildFile; fileRef = 3827389D2AE224AA003470B4 /* BarcodeScannerView.swift */; };
		382738A02AE224AB003470B4 /* Assets.xcassets in Resources */ = {isa = PBXBuildFile; fileRef = 3827389F2AE224AB003470B4 /* Assets.xcassets */; };
		382738A32AE224AB003470B4 /* Preview Assets.xcassets in Resources */ = {isa = PBXBuildFile; fileRef = 382738A22AE224AB003470B4 /* Preview Assets.xcassets */; };
		382B7D602AE3582A003893E9 /* BarcodeScannerViewModel.swift in Sources */ = {isa = PBXBuildFile; fileRef = 382B7D5F2AE3582A003893E9 /* BarcodeScannerViewModel.swift */; };
		382B7D672AE35FAB003893E9 /* Alerts.swift in Sources */ = {isa = PBXBuildFile; fileRef = 382B7D662AE35FAB003893E9 /* Alerts.swift */; };
		382B7D6A2AE36D6B003893E9 /* StartScanningButton.swift in Sources */ = {isa = PBXBuildFile; fileRef = 382B7D692AE36D6B003893E9 /* StartScanningButton.swift */; };
		3879CF132AE2459E00B61F1C /* ScannerVC.swift in Sources */ = {isa = PBXBuildFile; fileRef = 3879CF122AE2459E00B61F1C /* ScannerVC.swift */; };
		3879CF152AE24B1E00B61F1C /* ScannerView.swift in Sources */ = {isa = PBXBuildFile; fileRef = 3879CF142AE24B1E00B61F1C /* ScannerView.swift */; };
/* End PBXBuildFile section */

/* Begin PBXFileReference section */
		382738982AE224AA003470B4 /* BarcodeScanner.app */ = {isa = PBXFileReference; explicitFileType = wrapper.application; includeInIndex = 0; path = BarcodeScanner.app; sourceTree = BUILT_PRODUCTS_DIR; };
		3827389B2AE224AA003470B4 /* BarcodeScannerApp.swift */ = {isa = PBXFileReference; lastKnownFileType = sourcecode.swift; path = BarcodeScannerApp.swift; sourceTree = "<group>"; };
		3827389D2AE224AA003470B4 /* BarcodeScannerView.swift */ = {isa = PBXFileReference; lastKnownFileType = sourcecode.swift; path = BarcodeScannerView.swift; sourceTree = "<group>"; };
		3827389F2AE224AB003470B4 /* Assets.xcassets */ = {isa = PBXFileReference; lastKnownFileType = folder.assetcatalog; path = Assets.xcassets; sourceTree = "<group>"; };
		382738A22AE224AB003470B4 /* Preview Assets.xcassets */ = {isa = PBXFileReference; lastKnownFileType = folder.assetcatalog; path = "Preview Assets.xcassets"; sourceTree = "<group>"; };
		382B7D5F2AE3582A003893E9 /* BarcodeScannerViewModel.swift */ = {isa = PBXFileReference; lastKnownFileType = sourcecode.swift; path = BarcodeScannerViewModel.swift; sourceTree = "<group>"; };
		382B7D662AE35FAB003893E9 /* Alerts.swift */ = {isa = PBXFileReference; lastKnownFileType = sourcecode.swift; path = Alerts.swift; sourceTree = "<group>"; };
		382B7D692AE36D6B003893E9 /* StartScanningButton.swift */ = {isa = PBXFileReference; lastKnownFileType = sourcecode.swift; path = StartScanningButton.swift; sourceTree = "<group>"; };
		3879CF122AE2459E00B61F1C /* ScannerVC.swift */ = {isa = PBXFileReference; lastKnownFileType = sourcecode.swift; path = ScannerVC.swift; sourceTree = "<group>"; };
		3879CF142AE24B1E00B61F1C /* ScannerView.swift */ = {isa = PBXFileReference; lastKnownFileType = sourcecode.swift; path = ScannerView.swift; sourceTree = "<group>"; };
/* End PBXFileReference section */

/* Begin PBXFrameworksBuildPhase section */
		382738952AE224AA003470B4 /* Frameworks */ = {
			isa = PBXFrameworksBuildPhase;
			buildActionMask = 2147483647;
			files = (
			);
			runOnlyForDeploymentPostprocessing = 0;
		};
/* End PBXFrameworksBuildPhase section */

/* Begin PBXGroup section */
		3827388F2AE224AA003470B4 = {
			isa = PBXGroup;
			children = (
				3827389A2AE224AA003470B4 /* BarcodeScanner */,
				382738992AE224AA003470B4 /* Products */,
			);
			sourceTree = "<group>";
		};
		382738992AE224AA003470B4 /* Products */ = {
			isa = PBXGroup;
			children = (
				382738982AE224AA003470B4 /* BarcodeScanner.app */,
			);
			name = Products;
			sourceTree = "<group>";
		};
		3827389A2AE224AA003470B4 /* BarcodeScanner */ = {
			isa = PBXGroup;
			children = (
				382B7D652AE35F97003893E9 /* Utilities */,
				382B7D632AE35F5E003893E9 /* Views */,
				382B7D612AE35F43003893E9 /* Screens */,
				3827389B2AE224AA003470B4 /* BarcodeScannerApp.swift */,
				3827389F2AE224AB003470B4 /* Assets.xcassets */,
				382738A12AE224AB003470B4 /* Preview Content */,
			);
			path = BarcodeScanner;
			sourceTree = "<group>";
		};
		382738A12AE224AB003470B4 /* Preview Content */ = {
			isa = PBXGroup;
			children = (
				382738A22AE224AB003470B4 /* Preview Assets.xcassets */,
			);
			path = "Preview Content";
			sourceTree = "<group>";
		};
		382B7D612AE35F43003893E9 /* Screens */ = {
			isa = PBXGroup;
			children = (
				382B7D622AE35F49003893E9 /* BarcodeScannerView */,
			);
			path = Screens;
			sourceTree = "<group>";
		};
		382B7D622AE35F49003893E9 /* BarcodeScannerView */ = {
			isa = PBXGroup;
			children = (
				3827389D2AE224AA003470B4 /* BarcodeScannerView.swift */,
				382B7D5F2AE3582A003893E9 /* BarcodeScannerViewModel.swift */,
			);
			path = BarcodeScannerView;
			sourceTree = "<group>";
		};
		382B7D632AE35F5E003893E9 /* Views */ = {
			isa = PBXGroup;
			children = (
				382B7D682AE36D54003893E9 /* Buttons */,
				382B7D642AE35F65003893E9 /* UIKit Components */,
			);
			path = Views;
			sourceTree = "<group>";
		};
		382B7D642AE35F65003893E9 /* UIKit Components */ = {
			isa = PBXGroup;
			children = (
				3879CF122AE2459E00B61F1C /* ScannerVC.swift */,
				3879CF142AE24B1E00B61F1C /* ScannerView.swift */,
			);
			path = "UIKit Components";
			sourceTree = "<group>";
		};
		382B7D652AE35F97003893E9 /* Utilities */ = {
			isa = PBXGroup;
			children = (
				382B7D662AE35FAB003893E9 /* Alerts.swift */,
			);
			path = Utilities;
			sourceTree = "<group>";
		};
		382B7D682AE36D54003893E9 /* Buttons */ = {
			isa = PBXGroup;
			children = (
				382B7D692AE36D6B003893E9 /* StartScanningButton.swift */,
			);
			path = Buttons;
			sourceTree = "<group>";
		};
/* End PBXGroup section */

/* Begin PBXNativeTarget section */
		382738972AE224AA003470B4 /* BarcodeScanner */ = {
			isa = PBXNativeTarget;
			buildConfigurationList = 382738A62AE224AB003470B4 /* Build configuration list for PBXNativeTarget "BarcodeScanner" */;
			buildPhases = (
				382738942AE224AA003470B4 /* Sources */,
				382738952AE224AA003470B4 /* Frameworks */,
				382738962AE224AA003470B4 /* Resources */,
			);
			buildRules = (
			);
			dependencies = (
			);
			name = BarcodeScanner;
			productName = BarcodeScanner;
			productReference = 382738982AE224AA003470B4 /* BarcodeScanner.app */;
			productType = "com.apple.product-type.application";
		};
/* End PBXNativeTarget section */

/* Begin PBXProject section */
		382738902AE224AA003470B4 /* Project object */ = {
			isa = PBXProject;
			attributes = {
				BuildIndependentTargetsInParallel = 1;
				LastSwiftUpdateCheck = 1420;
				LastUpgradeCheck = 1420;
				TargetAttributes = {
					382738972AE224AA003470B4 = {
						CreatedOnToolsVersion = 14.2;
					};
				};
			};
			buildConfigurationList = 382738932AE224AA003470B4 /* Build configuration list for PBXProject "BarcodeScanner" */;
			compatibilityVersion = "Xcode 14.0";
			developmentRegion = en;
			hasScannedForEncodings = 0;
			knownRegions = (
				en,
				Base,
			);
			mainGroup = 3827388F2AE224AA003470B4;
			productRefGroup = 382738992AE224AA003470B4 /* Products */;
			projectDirPath = "";
			projectRoot = "";
			targets = (
				382738972AE224AA003470B4 /* BarcodeScanner */,
			);
		};
/* End PBXProject section */

/* Begin PBXResourcesBuildPhase section */
		382738962AE224AA003470B4 /* Resources */ = {
			isa = PBXResourcesBuildPhase;
			buildActionMask = 2147483647;
			files = (
				382738A32AE224AB003470B4 /* Preview Assets.xcassets in Resources */,
				382738A02AE224AB003470B4 /* Assets.xcassets in Resources */,
			);
			runOnlyForDeploymentPostprocessing = 0;
		};
/* End PBXResourcesBuildPhase section */

/* Begin PBXSourcesBuildPhase section */
		382738942AE224AA003470B4 /* Sources */ = {
			isa = PBXSourcesBuildPhase;
			buildActionMask = 2147483647;
			files = (
				3879CF132AE2459E00B61F1C /* ScannerVC.swift in Sources */,
				3879CF152AE24B1E00B61F1C /* ScannerView.swift in Sources */,
				3827389E2AE224AA003470B4 /* BarcodeScannerView.swift in Sources */,
				382B7D602AE3582A003893E9 /* BarcodeScannerViewModel.swift in Sources */,
				382B7D672AE35FAB003893E9 /* Alerts.swift in Sources */,
				3827389C2AE224AA003470B4 /* BarcodeScannerApp.swift in Sources */,
				382B7D6A2AE36D6B003893E9 /* StartScanningButton.swift in Sources */,
			);
			runOnlyForDeploymentPostprocessing = 0;
		};
/* End PBXSourcesBuildPhase section */

/* Begin XCBuildConfiguration section */
		382738A42AE224AB003470B4 /* Debug */ = {
			isa = XCBuildConfiguration;
			buildSettings = {
				ALWAYS_SEARCH_USER_PATHS = NO;
				CLANG_ANALYZER_NONNULL = YES;
				CLANG_ANALYZER_NUMBER_OBJECT_CONVERSION = YES_AGGRESSIVE;
				CLANG_CXX_LANGUAGE_STANDARD = "gnu++20";
				CLANG_ENABLE_MODULES = YES;
				CLANG_ENABLE_OBJC_ARC = YES;
				CLANG_ENABLE_OBJC_WEAK = YES;
				CLANG_WARN_BLOCK_CAPTURE_AUTORELEASING = YES;
				CLANG_WARN_BOOL_CONVERSION = YES;
				CLANG_WARN_COMMA = YES;
				CLANG_WARN_CONSTANT_CONVERSION = YES;
				CLANG_WARN_DEPRECATED_OBJC_IMPLEMENTATIONS = YES;
				CLANG_WARN_DIRECT_OBJC_ISA_USAGE = YES_ERROR;
				CLANG_WARN_DOCUMENTATION_COMMENTS = YES;
				CLANG_WARN_EMPTY_BODY = YES;
				CLANG_WARN_ENUM_CONVERSION = YES;
				CLANG_WARN_INFINITE_RECURSION = YES;
				CLANG_WARN_INT_CONVERSION = YES;
				CLANG_WARN_NON_LITERAL_NULL_CONVERSION = YES;
				CLANG_WARN_OBJC_IMPLICIT_RETAIN_SELF = YES;
				CLANG_WARN_OBJC_LITERAL_CONVERSION = YES;
				CLANG_WARN_OBJC_ROOT_CLASS = YES_ERROR;
				CLANG_WARN_QUOTED_INCLUDE_IN_FRAMEWORK_HEADER = YES;
				CLANG_WARN_RANGE_LOOP_ANALYSIS = YES;
				CLANG_WARN_STRICT_PROTOTYPES = YES;
				CLANG_WARN_SUSPICIOUS_MOVE = YES;
				CLANG_WARN_UNGUARDED_AVAILABILITY = YES_AGGRESSIVE;
				CLANG_WARN_UNREACHABLE_CODE = YES;
				CLANG_WARN__DUPLICATE_METHOD_MATCH = YES;
				COPY_PHASE_STRIP = NO;
				DEBUG_INFORMATION_FORMAT = dwarf;
				ENABLE_STRICT_OBJC_MSGSEND = YES;
				ENABLE_TESTABILITY = YES;
				GCC_C_LANGUAGE_STANDARD = gnu11;
				GCC_DYNAMIC_NO_PIC = NO;
				GCC_NO_COMMON_BLOCKS = YES;
				GCC_OPTIMIZATION_LEVEL = 0;
				GCC_PREPROCESSOR_DEFINITIONS = (
					"DEBUG=1",
					"$(inherited)",
				);
				GCC_WARN_64_TO_32_BIT_CONVERSION = YES;
				GCC_WARN_ABOUT_RETURN_TYPE = YES_ERROR;
				GCC_WARN_UNDECLARED_SELECTOR = YES;
				GCC_WARN_UNINITIALIZED_AUTOS = YES_AGGRESSIVE;
				GCC_WARN_UNUSED_FUNCTION = YES;
				GCC_WARN_UNUSED_VARIABLE = YES;
				IPHONEOS_DEPLOYMENT_TARGET = 16.2;
				MTL_ENABLE_DEBUG_INFO = INCLUDE_SOURCE;
				MTL_FAST_MATH = YES;
				ONLY_ACTIVE_ARCH = YES;
				SDKROOT = iphoneos;
				SWIFT_ACTIVE_COMPILATION_CONDITIONS = DEBUG;
				SWIFT_OPTIMIZATION_LEVEL = "-Onone";
			};
			name = Debug;
		};
		382738A52AE224AB003470B4 /* Release */ = {
			isa = XCBuildConfiguration;
			buildSettings = {
				ALWAYS_SEARCH_USER_PATHS = NO;
				CLANG_ANALYZER_NONNULL = YES;
				CLANG_ANALYZER_NUMBER_OBJECT_CONVERSION = YES_AGGRESSIVE;
				CLANG_CXX_LANGUAGE_STANDARD = "gnu++20";
				CLANG_ENABLE_MODULES = YES;
				CLANG_ENABLE_OBJC_ARC = YES;
				CLANG_ENABLE_OBJC_WEAK = YES;
				CLANG_WARN_BLOCK_CAPTURE_AUTORELEASING = YES;
				CLANG_WARN_BOOL_CONVERSION = YES;
				CLANG_WARN_COMMA = YES;
				CLANG_WARN_CONSTANT_CONVERSION = YES;
				CLANG_WARN_DEPRECATED_OBJC_IMPLEMENTATIONS = YES;
				CLANG_WARN_DIRECT_OBJC_ISA_USAGE = YES_ERROR;
				CLANG_WARN_DOCUMENTATION_COMMENTS = YES;
				CLANG_WARN_EMPTY_BODY = YES;
				CLANG_WARN_ENUM_CONVERSION = YES;
				CLANG_WARN_INFINITE_RECURSION = YES;
				CLANG_WARN_INT_CONVERSION = YES;
				CLANG_WARN_NON_LITERAL_NULL_CONVERSION = YES;
				CLANG_WARN_OBJC_IMPLICIT_RETAIN_SELF = YES;
				CLANG_WARN_OBJC_LITERAL_CONVERSION = YES;
				CLANG_WARN_OBJC_ROOT_CLASS = YES_ERROR;
				CLANG_WARN_QUOTED_INCLUDE_IN_FRAMEWORK_HEADER = YES;
				CLANG_WARN_RANGE_LOOP_ANALYSIS = YES;
				CLANG_WARN_STRICT_PROTOTYPES = YES;
				CLANG_WARN_SUSPICIOUS_MOVE = YES;
				CLANG_WARN_UNGUARDED_AVAILABILITY = YES_AGGRESSIVE;
				CLANG_WARN_UNREACHABLE_CODE = YES;
				CLANG_WARN__DUPLICATE_METHOD_MATCH = YES;
				COPY_PHASE_STRIP = NO;
				DEBUG_INFORMATION_FORMAT = "dwarf-with-dsym";
				ENABLE_NS_ASSERTIONS = NO;
				ENABLE_STRICT_OBJC_MSGSEND = YES;
				GCC_C_LANGUAGE_STANDARD = gnu11;
				GCC_NO_COMMON_BLOCKS = YES;
				GCC_WARN_64_TO_32_BIT_CONVERSION = YES;
				GCC_WARN_ABOUT_RETURN_TYPE = YES_ERROR;
				GCC_WARN_UNDECLARED_SELECTOR = YES;
				GCC_WARN_UNINITIALIZED_AUTOS = YES_AGGRESSIVE;
				GCC_WARN_UNUSED_FUNCTION = YES;
				GCC_WARN_UNUSED_VARIABLE = YES;
				IPHONEOS_DEPLOYMENT_TARGET = 16.2;
				MTL_ENABLE_DEBUG_INFO = NO;
				MTL_FAST_MATH = YES;
				SDKROOT = iphoneos;
				SWIFT_COMPILATION_MODE = wholemodule;
				SWIFT_OPTIMIZATION_LEVEL = "-O";
				VALIDATE_PRODUCT = YES;
			};
			name = Release;
		};
		382738A72AE224AB003470B4 /* Debug */ = {
			isa = XCBuildConfiguration;
			buildSettings = {
				ASSETCATALOG_COMPILER_APPICON_NAME = AppIcon;
				ASSETCATALOG_COMPILER_GLOBAL_ACCENT_COLOR_NAME = AccentColor;
				CODE_SIGN_STYLE = Automatic;
				CURRENT_PROJECT_VERSION = 1;
				DEVELOPMENT_ASSET_PATHS = "\"BarcodeScanner/Preview Content\"";
				DEVELOPMENT_TEAM = A2WQZ32XVK;
				ENABLE_PREVIEWS = YES;
				GENERATE_INFOPLIST_FILE = YES;
				INFOPLIST_KEY_NSCameraUsageDescription = "We need to use the camera to scan barcodes.";
				INFOPLIST_KEY_UIApplicationSceneManifest_Generation = YES;
				INFOPLIST_KEY_UIApplicationSupportsIndirectInputEvents = YES;
				INFOPLIST_KEY_UILaunchScreen_Generation = YES;
				INFOPLIST_KEY_UISupportedInterfaceOrientations_iPad = "UIInterfaceOrientationPortrait UIInterfaceOrientationPortraitUpsideDown UIInterfaceOrientationLandscapeLeft UIInterfaceOrientationLandscapeRight";
				INFOPLIST_KEY_UISupportedInterfaceOrientations_iPhone = "UIInterfaceOrientationPortrait UIInterfaceOrientationLandscapeLeft UIInterfaceOrientationLandscapeRight";
				IPHONEOS_DEPLOYMENT_TARGET = 15.4;
				LD_RUNPATH_SEARCH_PATHS = (
					"$(inherited)",
					"@executable_path/Frameworks",
				);
				MARKETING_VERSION = 1.0;
				PRODUCT_BUNDLE_IDENTIFIER = com.dimaswisodewo.BarcodeScanner;
				PRODUCT_NAME = "$(TARGET_NAME)";
				SWIFT_EMIT_LOC_STRINGS = YES;
				SWIFT_VERSION = 5.0;
				TARGETED_DEVICE_FAMILY = "1,2";
			};
			name = Debug;
		};
		382738A82AE224AB003470B4 /* Release */ = {
			isa = XCBuildConfiguration;
			buildSettings = {
				ASSETCATALOG_COMPILER_APPICON_NAME = AppIcon;
				ASSETCATALOG_COMPILER_GLOBAL_ACCENT_COLOR_NAME = AccentColor;
				CODE_SIGN_STYLE = Automatic;
				CURRENT_PROJECT_VERSION = 1;
				DEVELOPMENT_ASSET_PATHS = "\"BarcodeScanner/Preview Content\"";
				DEVELOPMENT_TEAM = A2WQZ32XVK;
				ENABLE_PREVIEWS = YES;
				GENERATE_INFOPLIST_FILE = YES;
				INFOPLIST_KEY_NSCameraUsageDescription = "We need to use the camera to scan barcodes.";
				INFOPLIST_KEY_UIApplicationSceneManifest_Generation = YES;
				INFOPLIST_KEY_UIApplicationSupportsIndirectInputEvents = YES;
				INFOPLIST_KEY_UILaunchScreen_Generation = YES;
				INFOPLIST_KEY_UISupportedInterfaceOrientations_iPad = "UIInterfaceOrientationPortrait UIInterfaceOrientationPortraitUpsideDown UIInterfaceOrientationLandscapeLeft UIInterfaceOrientationLandscapeRight";
				INFOPLIST_KEY_UISupportedInterfaceOrientations_iPhone = "UIInterfaceOrientationPortrait UIInterfaceOrientationLandscapeLeft UIInterfaceOrientationLandscapeRight";
				IPHONEOS_DEPLOYMENT_TARGET = 15.4;
				LD_RUNPATH_SEARCH_PATHS = (
					"$(inherited)",
					"@executable_path/Frameworks",
				);
				MARKETING_VERSION = 1.0;
				PRODUCT_BUNDLE_IDENTIFIER = com.dimaswisodewo.BarcodeScanner;
				PRODUCT_NAME = "$(TARGET_NAME)";
				SWIFT_EMIT_LOC_STRINGS = YES;
				SWIFT_VERSION = 5.0;
				TARGETED_DEVICE_FAMILY = "1,2";
			};
			name = Release;
		};
/* End XCBuildConfiguration section */

/* Begin XCConfigurationList section */
		382738932AE224AA003470B4 /* Build configuration list for PBXProject "BarcodeScanner" */ = {
			isa = XCConfigurationList;
			buildConfigurations = (
				382738A42AE224AB003470B4 /* Debug */,
				382738A52AE224AB003470B4 /* Release */,
			);
			defaultConfigurationIsVisible = 0;
			defaultConfigurationName = Release;
		};
		382738A62AE224AB003470B4 /* Build configuration list for PBXNativeTarget "BarcodeScanner" */ = {
			isa = XCConfigurationList;
			buildConfigurations = (
				382738A72AE224AB003470B4 /* Debug */,
				382738A82AE224AB003470B4 /* Release */,
			);
			defaultConfigurationIsVisible = 0;
			defaultConfigurationName = Release;
		};
/* End XCConfigurationList section */
	};
	rootObject = 382738902AE224AA003470B4 /* Project object */;
}
